{
  "name": "path-sage",
  "version": "1.4.1",
  "lockfileVersion": 3,
  "requires": true,
  "packages": {
    "": {
      "name": "path-sage",
      "version": "1.4.1",
      "license": "MIT",
      "devDependencies": {
        "bench-node": "^0.4.1"
      },
      "engines": {
        "node": ">=0.6.0"
      }
    },
    "node_modules/bench-node": {
      "version": "0.4.1",
      "resolved": "https://registry.npmjs.org/bench-node/-/bench-node-0.4.1.tgz",
      "integrity": "sha512-yCJMrjPYCwvv0Nr/rxIYh2yO4Zyq/OYQuZkWTJsTBNCD0Z3ctCoo3JpAv6llkBro2R7a891MZZfE6nzhdwU5NA==",
      "dev": true,
      "license": "MIT"
    }
  }
}
